# This file is automatically @generated by Cargo.
# It is not intended for manual editing.
version = 4

[[package]]
name = "admin"
version = "0.1.0"

[[package]]
name = "api"
version = "0.1.0"

[[package]]
name = "content"
version = "0.1.0"

[[package]]
name = "contracts"
version = "0.1.0"

[[package]]
name = "judge"
version = "0.1.0"

[[package]]
name = "publisher"
version = "0.1.0"
